
Microsoft Visual Studio Solution File, Format Version 12.00
# Visual Studio Version 16
VisualStudioVersion = 25.0.1704.4
MinimumVisualStudioVersion = 10.0.40219.1
Project("{FAE04EC0-301F-11D3-BF4B-00C04F79EFBC}") = "UnityDebugViewer", "UnityDebugViewer.csproj", "{1E4E761D-F4E6-40F7-869E-E92C59EA2C59}"
EndProject
Global
	GlobalSection(SolutionConfigurationPlatforms) = preSolution
		Debug|Any CPU = Debug|Any CPU
		Release|Any CPU = Release|Any CPU
	EndGlobalSection
	GlobalSection(ProjectConfigurationPlatforms) = postSolution
		{1E4E761D-F4E6-40F7-869E-E92C59EA2C59}.Debug|Any CPU.ActiveCfg = Debug|Any CPU
		{1E4E761D-F4E6-40F7-869E-E92C59EA2C59}.Debug|Any CPU.Build.0 = Debug|Any CPU
		{1E4E761D-F4E6-40F7-869E-E92C59EA2C59}.Release|Any CPU.ActiveCfg = Release|Any CPU
		{1E4E761D-F4E6-40F7-869E-E92C59EA2C59}.Release|Any CPU.Build.0 = Release|Any CPU
	EndGlobalSection
	GlobalSection(SolutionProperties) = preSolution
		HideSolutionNode = FALSE
	EndGlobalSection
	GlobalSection(ExtensibilityGlobals) = postSolution
		SolutionGuid = {26665BB3-B32F-4FEB-B749-DD8FF2CDAE0C}
	EndGlobalSection
EndGlobal
